
Microsoft Visual Studio Solution File, Format Version 12.00
# Visual Studio Version 16
VisualStudioVersion = 16.0.32106.194
MinimumVisualStudioVersion = 10.0.40219.1
Project("{9A19103F-16F7-4668-BE54-9A1E7A4F7556}") = "Image Processing", "Image Processing.csproj", "{2C59AC98-2CA6-4ABF-9952-80FCACCE75CA}"
EndProject
Global
	GlobalSection(SolutionConfigurationPlatforms) = preSolution
		Debug|Any CPU = Debug|Any CPU
		Release|Any CPU = Release|Any CPU
	EndGlobalSection
	GlobalSection(ProjectConfigurationPlatforms) = postSolution
		{2C59AC98-2CA6-4ABF-9952-80FCACCE75CA}.Debug|Any CPU.ActiveCfg = Debug|Any CPU
		{2C59AC98-2CA6-4ABF-9952-80FCACCE75CA}.Debug|Any CPU.Build.0 = Debug|Any CPU
		{2C59AC98-2CA6-4ABF-9952-80FCACCE75CA}.Release|Any CPU.ActiveCfg = Release|Any CPU
		{2C59AC98-2CA6-4ABF-9952-80FCACCE75CA}.Release|Any CPU.Build.0 = Release|Any CPU
	EndGlobalSection
	GlobalSection(SolutionProperties) = preSolution
		HideSolutionNode = FALSE
	EndGlobalSection
	GlobalSection(ExtensibilityGlobals) = postSolution
		SolutionGuid = {09F8CD19-4336-475C-87FD-1D7A48B82F7A}
	EndGlobalSection
EndGlobal
